
Microsoft Visual Studio Solution File, Format Version 12.00
# Visual Studio 2012
Project("{FAE04EC0-301F-11D3-BF4B-00C04F79EFBC}") = "PodcastReader.Phone8", "PodcastReader.Phone8\PodcastReader.Phone8.csproj", "{8E0C268F-5B45-4DC9-9F72-53B8C3F9F6E5}"
EndProject
Project("{2150E333-8FDC-42A3-9474-1A3956D46DE8}") = "Submodules", "Submodules", "{CFDB560D-7E9D-461A-B1E2-7EC36B2B6B52}"
EndProject
Project("{FAE04EC0-301F-11D3-BF4B-00C04F79EFBC}") = "Tests.UI", "Tests.UI\Tests.UI.csproj", "{18D2E689-E486-4C6B-B4AD-88C15E25EFE4}"
EndProject
Project("{FAE04EC0-301F-11D3-BF4B-00C04F79EFBC}") = "Magellan.WP", "Submodules\Magellan.WP\Magellan.WP.csproj", "{60146683-34C4-464E-9169-7B76F9D5C365}"
EndProject
Project("{FAE04EC0-301F-11D3-BF4B-00C04F79EFBC}") = "Tests.Infrastructure", "Tests.Infrastructure\Tests.Infrastructure.csproj", "{A07C6CA2-352E-4202-A844-C9123DA20935}"
EndProject
Project("{FAE04EC0-301F-11D3-BF4B-00C04F79EFBC}") = "PodcastReader.Infrastructure", "PodcastReader.Infrastructure\PodcastReader.Infrastructure.csproj", "{2723D721-478E-48B8-9503-57A8CC0317C2}"
EndProject
Project("{2150E333-8FDC-42A3-9474-1A3956D46DE8}") = "Audio", "Audio", "{B60976E5-1D2F-4F66-AD0B-C6330135F781}"
EndProject
Project("{FAE04EC0-301F-11D3-BF4B-00C04F79EFBC}") = "Audio.AudioPlaybackAgent", "AudioPlaybackAgent\Audio.AudioPlaybackAgent.csproj", "{BDBB4467-A77D-4467-AD13-6E8D25F0E1AC}"
EndProject
Project("{FAE04EC0-301F-11D3-BF4B-00C04F79EFBC}") = "Audio.StorageStreamingAgent", "StorageStreamingAgent\Audio.StorageStreamingAgent.csproj", "{A1D08278-829F-4D05-8D6E-C18CA0E327B7}"
EndProject
Project("{FAE04EC0-301F-11D3-BF4B-00C04F79EFBC}") = "Audio.Core", "Core\Audio.Core.csproj", "{0AF5E75F-E2C4-43B6-814D-FF014A333830}"
EndProject
Project("{FAE04EC0-301F-11D3-BF4B-00C04F79EFBC}") = "ReactiveUI", "Submodules\ReactiveUI\ReactiveUI\ReactiveUI.csproj", "{464CB812-F99F-401B-BE4C-E8F0515CD19D}"
EndProject
Project("{FAE04EC0-301F-11D3-BF4B-00C04F79EFBC}") = "ReactiveUI.Xaml_WP8", "Submodules\ReactiveUI\ReactiveUI.Platforms\ReactiveUI.Xaml_WP8.csproj", "{F9459904-F785-4255-866A-A619787CB895}"
EndProject
Project("{FAE04EC0-301F-11D3-BF4B-00C04F79EFBC}") = "ReactiveUI.Blend_WP8", "Submodules\ReactiveUI\ReactiveUI.Blend\ReactiveUI.Blend_WP8.csproj", "{685E862E-AA12-4D05-AD27-61AB2D71E411}"
EndProject
Project("{FAE04EC0-301F-11D3-BF4B-00C04F79EFBC}") = "ReactiveUI.Mobile_WP8", "Submodules\ReactiveUI\ReactiveUI.Mobile\ReactiveUI.Mobile_WP8.csproj", "{B90F3D02-1E3A-4DD7-8E00-30F28B6DCC1E}"
EndProject
Global
	GlobalSection(SolutionConfigurationPlatforms) = preSolution
		Debug|Any CPU = Debug|Any CPU
		Debug|ARM = Debug|ARM
		Debug|Mixed Platforms = Debug|Mixed Platforms
		Debug|x86 = Debug|x86
		Release|Any CPU = Release|Any CPU
		Release|ARM = Release|ARM
		Release|Mixed Platforms = Release|Mixed Platforms
		Release|x86 = Release|x86
	EndGlobalSection
	GlobalSection(ProjectConfigurationPlatforms) = postSolution
		{8E0C268F-5B45-4DC9-9F72-53B8C3F9F6E5}.Debug|Any CPU.ActiveCfg = Debug|Any CPU
		{8E0C268F-5B45-4DC9-9F72-53B8C3F9F6E5}.Debug|Any CPU.Build.0 = Debug|Any CPU
		{8E0C268F-5B45-4DC9-9F72-53B8C3F9F6E5}.Debug|Any CPU.Deploy.0 = Debug|Any CPU
		{8E0C268F-5B45-4DC9-9F72-53B8C3F9F6E5}.Debug|ARM.ActiveCfg = Debug|ARM
		{8E0C268F-5B45-4DC9-9F72-53B8C3F9F6E5}.Debug|ARM.Build.0 = Debug|ARM
		{8E0C268F-5B45-4DC9-9F72-53B8C3F9F6E5}.Debug|ARM.Deploy.0 = Debug|ARM
		{8E0C268F-5B45-4DC9-9F72-53B8C3F9F6E5}.Debug|Mixed Platforms.ActiveCfg = Debug|x86
		{8E0C268F-5B45-4DC9-9F72-53B8C3F9F6E5}.Debug|Mixed Platforms.Build.0 = Debug|x86
		{8E0C268F-5B45-4DC9-9F72-53B8C3F9F6E5}.Debug|Mixed Platforms.Deploy.0 = Debug|x86
		{8E0C268F-5B45-4DC9-9F72-53B8C3F9F6E5}.Debug|x86.ActiveCfg = Debug|x86
		{8E0C268F-5B45-4DC9-9F72-53B8C3F9F6E5}.Debug|x86.Build.0 = Debug|x86
		{8E0C268F-5B45-4DC9-9F72-53B8C3F9F6E5}.Debug|x86.Deploy.0 = Debug|x86
		{8E0C268F-5B45-4DC9-9F72-53B8C3F9F6E5}.Release|Any CPU.ActiveCfg = Release|Any CPU
		{8E0C268F-5B45-4DC9-9F72-53B8C3F9F6E5}.Release|Any CPU.Build.0 = Release|Any CPU
		{8E0C268F-5B45-4DC9-9F72-53B8C3F9F6E5}.Release|Any CPU.Deploy.0 = Release|Any CPU
		{8E0C268F-5B45-4DC9-9F72-53B8C3F9F6E5}.Release|ARM.ActiveCfg = Release|ARM
		{8E0C268F-5B45-4DC9-9F72-53B8C3F9F6E5}.Release|ARM.Build.0 = Release|ARM
		{8E0C268F-5B45-4DC9-9F72-53B8C3F9F6E5}.Release|ARM.Deploy.0 = Release|ARM
		{8E0C268F-5B45-4DC9-9F72-53B8C3F9F6E5}.Release|Mixed Platforms.ActiveCfg = Release|x86
		{8E0C268F-5B45-4DC9-9F72-53B8C3F9F6E5}.Release|Mixed Platforms.Build.0 = Release|x86
		{8E0C268F-5B45-4DC9-9F72-53B8C3F9F6E5}.Release|Mixed Platforms.Deploy.0 = Release|x86
		{8E0C268F-5B45-4DC9-9F72-53B8C3F9F6E5}.Release|x86.ActiveCfg = Release|x86
		{8E0C268F-5B45-4DC9-9F72-53B8C3F9F6E5}.Release|x86.Build.0 = Release|x86
		{8E0C268F-5B45-4DC9-9F72-53B8C3F9F6E5}.Release|x86.Deploy.0 = Release|x86
		{18D2E689-E486-4C6B-B4AD-88C15E25EFE4}.Debug|Any CPU.ActiveCfg = Debug|x86
		{18D2E689-E486-4C6B-B4AD-88C15E25EFE4}.Debug|Any CPU.Build.0 = Debug|x86
		{18D2E689-E486-4C6B-B4AD-88C15E25EFE4}.Debug|Any CPU.Deploy.0 = Debug|x86
		{18D2E689-E486-4C6B-B4AD-88C15E25EFE4}.Debug|ARM.ActiveCfg = Debug|ARM
		{18D2E689-E486-4C6B-B4AD-88C15E25EFE4}.Debug|ARM.Build.0 = Debug|ARM
		{18D2E689-E486-4C6B-B4AD-88C15E25EFE4}.Debug|ARM.Deploy.0 = Debug|ARM
		{18D2E689-E486-4C6B-B4AD-88C15E25EFE4}.Debug|Mixed Platforms.ActiveCfg = Debug|x86
		{18D2E689-E486-4C6B-B4AD-88C15E25EFE4}.Debug|Mixed Platforms.Build.0 = Debug|x86
		{18D2E689-E486-4C6B-B4AD-88C15E25EFE4}.Debug|Mixed Platforms.Deploy.0 = Debug|x86
		{18D2E689-E486-4C6B-B4AD-88C15E25EFE4}.Debug|x86.ActiveCfg = Debug|x86
		{18D2E689-E486-4C6B-B4AD-88C15E25EFE4}.Debug|x86.Build.0 = Debug|x86
		{18D2E689-E486-4C6B-B4AD-88C15E25EFE4}.Debug|x86.Deploy.0 = Debug|x86
		{18D2E689-E486-4C6B-B4AD-88C15E25EFE4}.Release|Any CPU.ActiveCfg = Release|x86
		{18D2E689-E486-4C6B-B4AD-88C15E25EFE4}.Release|ARM.ActiveCfg = Release|ARM
		{18D2E689-E486-4C6B-B4AD-88C15E25EFE4}.Release|ARM.Build.0 = Release|ARM
		{18D2E689-E486-4C6B-B4AD-88C15E25EFE4}.Release|ARM.Deploy.0 = Release|ARM
		{18D2E689-E486-4C6B-B4AD-88C15E25EFE4}.Release|Mixed Platforms.ActiveCfg = Release|x86
		{18D2E689-E486-4C6B-B4AD-88C15E25EFE4}.Release|Mixed Platforms.Build.0 = Release|x86
		{18D2E689-E486-4C6B-B4AD-88C15E25EFE4}.Release|Mixed Platforms.Deploy.0 = Release|x86
		{18D2E689-E486-4C6B-B4AD-88C15E25EFE4}.Release|x86.ActiveCfg = Release|x86
		{18D2E689-E486-4C6B-B4AD-88C15E25EFE4}.Release|x86.Build.0 = Release|x86
		{18D2E689-E486-4C6B-B4AD-88C15E25EFE4}.Release|x86.Deploy.0 = Release|x86
		{60146683-34C4-464E-9169-7B76F9D5C365}.Debug|Any CPU.ActiveCfg = Debug|Any CPU
		{60146683-34C4-464E-9169-7B76F9D5C365}.Debug|Any CPU.Build.0 = Debug|Any CPU
		{60146683-34C4-464E-9169-7B76F9D5C365}.Debug|ARM.ActiveCfg = Debug|Any CPU
		{60146683-34C4-464E-9169-7B76F9D5C365}.Debug|Mixed Platforms.ActiveCfg = Debug|Any CPU
		{60146683-34C4-464E-9169-7B76F9D5C365}.Debug|Mixed Platforms.Build.0 = Debug|Any CPU
		{60146683-34C4-464E-9169-7B76F9D5C365}.Debug|x86.ActiveCfg = Debug|Any CPU
		{60146683-34C4-464E-9169-7B76F9D5C365}.Release|Any CPU.ActiveCfg = Release|Any CPU
		{60146683-34C4-464E-9169-7B76F9D5C365}.Release|Any CPU.Build.0 = Release|Any CPU
		{60146683-34C4-464E-9169-7B76F9D5C365}.Release|ARM.ActiveCfg = Release|Any CPU
		{60146683-34C4-464E-9169-7B76F9D5C365}.Release|Mixed Platforms.ActiveCfg = Release|Any CPU
		{60146683-34C4-464E-9169-7B76F9D5C365}.Release|Mixed Platforms.Build.0 = Release|Any CPU
		{60146683-34C4-464E-9169-7B76F9D5C365}.Release|x86.ActiveCfg = Release|Any CPU
		{A07C6CA2-352E-4202-A844-C9123DA20935}.Debug|Any CPU.ActiveCfg = Debug|Any CPU
		{A07C6CA2-352E-4202-A844-C9123DA20935}.Debug|Any CPU.Build.0 = Debug|Any CPU
		{A07C6CA2-352E-4202-A844-C9123DA20935}.Debug|ARM.ActiveCfg = Debug|Any CPU
		{A07C6CA2-352E-4202-A844-C9123DA20935}.Debug|Mixed Platforms.ActiveCfg = Debug|Any CPU
		{A07C6CA2-352E-4202-A844-C9123DA20935}.Debug|Mixed Platforms.Build.0 = Debug|Any CPU
		{A07C6CA2-352E-4202-A844-C9123DA20935}.Debug|x86.ActiveCfg = Debug|Any CPU
		{A07C6CA2-352E-4202-A844-C9123DA20935}.Release|Any CPU.ActiveCfg = Release|Any CPU
		{A07C6CA2-352E-4202-A844-C9123DA20935}.Release|Any CPU.Build.0 = Release|Any CPU
		{A07C6CA2-352E-4202-A844-C9123DA20935}.Release|ARM.ActiveCfg = Release|Any CPU
		{A07C6CA2-352E-4202-A844-C9123DA20935}.Release|Mixed Platforms.ActiveCfg = Release|Any CPU
		{A07C6CA2-352E-4202-A844-C9123DA20935}.Release|Mixed Platforms.Build.0 = Release|Any CPU
		{A07C6CA2-352E-4202-A844-C9123DA20935}.Release|x86.ActiveCfg = Release|Any CPU
		{2723D721-478E-48B8-9503-57A8CC0317C2}.Debug|Any CPU.ActiveCfg = Debug|Any CPU
		{2723D721-478E-48B8-9503-57A8CC0317C2}.Debug|Any CPU.Build.0 = Debug|Any CPU
		{2723D721-478E-48B8-9503-57A8CC0317C2}.Debug|ARM.ActiveCfg = Debug|ARM
		{2723D721-478E-48B8-9503-57A8CC0317C2}.Debug|ARM.Build.0 = Debug|ARM
		{2723D721-478E-48B8-9503-57A8CC0317C2}.Debug|Mixed Platforms.ActiveCfg = Debug|x86
		{2723D721-478E-48B8-9503-57A8CC0317C2}.Debug|Mixed Platforms.Build.0 = Debug|x86
		{2723D721-478E-48B8-9503-57A8CC0317C2}.Debug|x86.ActiveCfg = Debug|x86
		{2723D721-478E-48B8-9503-57A8CC0317C2}.Debug|x86.Build.0 = Debug|x86
		{2723D721-478E-48B8-9503-57A8CC0317C2}.Release|Any CPU.ActiveCfg = Release|Any CPU
		{2723D721-478E-48B8-9503-57A8CC0317C2}.Release|Any CPU.Build.0 = Release|Any CPU
		{2723D721-478E-48B8-9503-57A8CC0317C2}.Release|ARM.ActiveCfg = Release|ARM
		{2723D721-478E-48B8-9503-57A8CC0317C2}.Release|ARM.Build.0 = Release|ARM
		{2723D721-478E-48B8-9503-57A8CC0317C2}.Release|Mixed Platforms.ActiveCfg = Release|x86
		{2723D721-478E-48B8-9503-57A8CC0317C2}.Release|Mixed Platforms.Build.0 = Release|x86
		{2723D721-478E-48B8-9503-57A8CC0317C2}.Release|x86.ActiveCfg = Release|x86
		{2723D721-478E-48B8-9503-57A8CC0317C2}.Release|x86.Build.0 = Release|x86
		{BDBB4467-A77D-4467-AD13-6E8D25F0E1AC}.Debug|Any CPU.ActiveCfg = Debug|Any CPU
		{BDBB4467-A77D-4467-AD13-6E8D25F0E1AC}.Debug|Any CPU.Build.0 = Debug|Any CPU
		{BDBB4467-A77D-4467-AD13-6E8D25F0E1AC}.Debug|ARM.ActiveCfg = Debug|ARM
		{BDBB4467-A77D-4467-AD13-6E8D25F0E1AC}.Debug|ARM.Build.0 = Debug|ARM
		{BDBB4467-A77D-4467-AD13-6E8D25F0E1AC}.Debug|Mixed Platforms.ActiveCfg = Debug|x86
		{BDBB4467-A77D-4467-AD13-6E8D25F0E1AC}.Debug|Mixed Platforms.Build.0 = Debug|x86
		{BDBB4467-A77D-4467-AD13-6E8D25F0E1AC}.Debug|x86.ActiveCfg = Debug|x86
		{BDBB4467-A77D-4467-AD13-6E8D25F0E1AC}.Debug|x86.Build.0 = Debug|x86
		{BDBB4467-A77D-4467-AD13-6E8D25F0E1AC}.Release|Any CPU.ActiveCfg = Release|Any CPU
		{BDBB4467-A77D-4467-AD13-6E8D25F0E1AC}.Release|Any CPU.Build.0 = Release|Any CPU
		{BDBB4467-A77D-4467-AD13-6E8D25F0E1AC}.Release|ARM.ActiveCfg = Release|ARM
		{BDBB4467-A77D-4467-AD13-6E8D25F0E1AC}.Release|ARM.Build.0 = Release|ARM
		{BDBB4467-A77D-4467-AD13-6E8D25F0E1AC}.Release|Mixed Platforms.ActiveCfg = Release|x86
		{BDBB4467-A77D-4467-AD13-6E8D25F0E1AC}.Release|Mixed Platforms.Build.0 = Release|x86
		{BDBB4467-A77D-4467-AD13-6E8D25F0E1AC}.Release|x86.ActiveCfg = Release|x86
		{BDBB4467-A77D-4467-AD13-6E8D25F0E1AC}.Release|x86.Build.0 = Release|x86
		{A1D08278-829F-4D05-8D6E-C18CA0E327B7}.Debug|Any CPU.ActiveCfg = Debug|Any CPU
		{A1D08278-829F-4D05-8D6E-C18CA0E327B7}.Debug|Any CPU.Build.0 = Debug|Any CPU
		{A1D08278-829F-4D05-8D6E-C18CA0E327B7}.Debug|ARM.ActiveCfg = Debug|ARM
		{A1D08278-829F-4D05-8D6E-C18CA0E327B7}.Debug|ARM.Build.0 = Debug|ARM
		{A1D08278-829F-4D05-8D6E-C18CA0E327B7}.Debug|Mixed Platforms.ActiveCfg = Debug|x86
		{A1D08278-829F-4D05-8D6E-C18CA0E327B7}.Debug|Mixed Platforms.Build.0 = Debug|x86
		{A1D08278-829F-4D05-8D6E-C18CA0E327B7}.Debug|x86.ActiveCfg = Debug|x86
		{A1D08278-829F-4D05-8D6E-C18CA0E327B7}.Debug|x86.Build.0 = Debug|x86
		{A1D08278-829F-4D05-8D6E-C18CA0E327B7}.Release|Any CPU.ActiveCfg = Release|Any CPU
		{A1D08278-829F-4D05-8D6E-C18CA0E327B7}.Release|Any CPU.Build.0 = Release|Any CPU
		{A1D08278-829F-4D05-8D6E-C18CA0E327B7}.Release|ARM.ActiveCfg = Release|ARM
		{A1D08278-829F-4D05-8D6E-C18CA0E327B7}.Release|ARM.Build.0 = Release|ARM
		{A1D08278-829F-4D05-8D6E-C18CA0E327B7}.Release|Mixed Platforms.ActiveCfg = Release|x86
		{A1D08278-829F-4D05-8D6E-C18CA0E327B7}.Release|Mixed Platforms.Build.0 = Release|x86
		{A1D08278-829F-4D05-8D6E-C18CA0E327B7}.Release|x86.ActiveCfg = Release|x86
		{A1D08278-829F-4D05-8D6E-C18CA0E327B7}.Release|x86.Build.0 = Release|x86
		{0AF5E75F-E2C4-43B6-814D-FF014A333830}.Debug|Any CPU.ActiveCfg = Debug|Any CPU
		{0AF5E75F-E2C4-43B6-814D-FF014A333830}.Debug|Any CPU.Build.0 = Debug|Any CPU
		{0AF5E75F-E2C4-43B6-814D-FF014A333830}.Debug|ARM.ActiveCfg = Debug|ARM
		{0AF5E75F-E2C4-43B6-814D-FF014A333830}.Debug|ARM.Build.0 = Debug|ARM
		{0AF5E75F-E2C4-43B6-814D-FF014A333830}.Debug|Mixed Platforms.ActiveCfg = Debug|x86
		{0AF5E75F-E2C4-43B6-814D-FF014A333830}.Debug|Mixed Platforms.Build.0 = Debug|x86
		{0AF5E75F-E2C4-43B6-814D-FF014A333830}.Debug|x86.ActiveCfg = Debug|x86
		{0AF5E75F-E2C4-43B6-814D-FF014A333830}.Debug|x86.Build.0 = Debug|x86
		{0AF5E75F-E2C4-43B6-814D-FF014A333830}.Release|Any CPU.ActiveCfg = Release|Any CPU
		{0AF5E75F-E2C4-43B6-814D-FF014A333830}.Release|Any CPU.Build.0 = Release|Any CPU
		{0AF5E75F-E2C4-43B6-814D-FF014A333830}.Release|ARM.ActiveCfg = Release|ARM
		{0AF5E75F-E2C4-43B6-814D-FF014A333830}.Release|ARM.Build.0 = Release|ARM
		{0AF5E75F-E2C4-43B6-814D-FF014A333830}.Release|Mixed Platforms.ActiveCfg = Release|x86
		{0AF5E75F-E2C4-43B6-814D-FF014A333830}.Release|Mixed Platforms.Build.0 = Release|x86
		{0AF5E75F-E2C4-43B6-814D-FF014A333830}.Release|x86.ActiveCfg = Release|x86
		{0AF5E75F-E2C4-43B6-814D-FF014A333830}.Release|x86.Build.0 = Release|x86
		{464CB812-F99F-401B-BE4C-E8F0515CD19D}.Debug|Any CPU.ActiveCfg = Debug|Any CPU
		{464CB812-F99F-401B-BE4C-E8F0515CD19D}.Debug|Any CPU.Build.0 = Debug|Any CPU
		{464CB812-F99F-401B-BE4C-E8F0515CD19D}.Debug|ARM.ActiveCfg = Debug|Any CPU
		{464CB812-F99F-401B-BE4C-E8F0515CD19D}.Debug|Mixed Platforms.ActiveCfg = Debug|Any CPU
		{464CB812-F99F-401B-BE4C-E8F0515CD19D}.Debug|Mixed Platforms.Build.0 = Debug|Any CPU
		{464CB812-F99F-401B-BE4C-E8F0515CD19D}.Debug|x86.ActiveCfg = Debug|Any CPU
		{464CB812-F99F-401B-BE4C-E8F0515CD19D}.Release|Any CPU.ActiveCfg = Release|Any CPU
		{464CB812-F99F-401B-BE4C-E8F0515CD19D}.Release|Any CPU.Build.0 = Release|Any CPU
		{464CB812-F99F-401B-BE4C-E8F0515CD19D}.Release|ARM.ActiveCfg = Release|Any CPU
		{464CB812-F99F-401B-BE4C-E8F0515CD19D}.Release|Mixed Platforms.ActiveCfg = Release|Any CPU
		{464CB812-F99F-401B-BE4C-E8F0515CD19D}.Release|Mixed Platforms.Build.0 = Release|Any CPU
		{464CB812-F99F-401B-BE4C-E8F0515CD19D}.Release|x86.ActiveCfg = Release|Any CPU
		{F9459904-F785-4255-866A-A619787CB895}.Debug|Any CPU.ActiveCfg = Debug|Any CPU
		{F9459904-F785-4255-866A-A619787CB895}.Debug|Any CPU.Build.0 = Debug|Any CPU
		{F9459904-F785-4255-866A-A619787CB895}.Debug|ARM.ActiveCfg = Debug|ARM
		{F9459904-F785-4255-866A-A619787CB895}.Debug|ARM.Build.0 = Debug|ARM
		{F9459904-F785-4255-866A-A619787CB895}.Debug|Mixed Platforms.ActiveCfg = Debug|x86
		{F9459904-F785-4255-866A-A619787CB895}.Debug|Mixed Platforms.Build.0 = Debug|x86
		{F9459904-F785-4255-866A-A619787CB895}.Debug|x86.ActiveCfg = Debug|x86
		{F9459904-F785-4255-866A-A619787CB895}.Debug|x86.Build.0 = Debug|x86
		{F9459904-F785-4255-866A-A619787CB895}.Release|Any CPU.ActiveCfg = Release|Any CPU
		{F9459904-F785-4255-866A-A619787CB895}.Release|Any CPU.Build.0 = Release|Any CPU
		{F9459904-F785-4255-866A-A619787CB895}.Release|ARM.ActiveCfg = Release|ARM
		{F9459904-F785-4255-866A-A619787CB895}.Release|ARM.Build.0 = Release|ARM
		{F9459904-F785-4255-866A-A619787CB895}.Release|Mixed Platforms.ActiveCfg = Release|x86
		{F9459904-F785-4255-866A-A619787CB895}.Release|Mixed Platforms.Build.0 = Release|x86
		{F9459904-F785-4255-866A-A619787CB895}.Release|x86.ActiveCfg = Release|x86
		{F9459904-F785-4255-866A-A619787CB895}.Release|x86.Build.0 = Release|x86
		{685E862E-AA12-4D05-AD27-61AB2D71E411}.Debug|Any CPU.ActiveCfg = Debug|Any CPU
		{685E862E-AA12-4D05-AD27-61AB2D71E411}.Debug|Any CPU.Build.0 = Debug|Any CPU
		{685E862E-AA12-4D05-AD27-61AB2D71E411}.Debug|ARM.ActiveCfg = Debug|ARM
		{685E862E-AA12-4D05-AD27-61AB2D71E411}.Debug|ARM.Build.0 = Debug|ARM
		{685E862E-AA12-4D05-AD27-61AB2D71E411}.Debug|Mixed Platforms.ActiveCfg = Debug|x86
		{685E862E-AA12-4D05-AD27-61AB2D71E411}.Debug|Mixed Platforms.Build.0 = Debug|x86
		{685E862E-AA12-4D05-AD27-61AB2D71E411}.Debug|x86.ActiveCfg = Debug|x86
		{685E862E-AA12-4D05-AD27-61AB2D71E411}.Debug|x86.Build.0 = Debug|x86
		{685E862E-AA12-4D05-AD27-61AB2D71E411}.Release|Any CPU.ActiveCfg = Release|Any CPU
		{685E862E-AA12-4D05-AD27-61AB2D71E411}.Release|Any CPU.Build.0 = Release|Any CPU
		{685E862E-AA12-4D05-AD27-61AB2D71E411}.Release|ARM.ActiveCfg = Release|ARM
		{685E862E-AA12-4D05-AD27-61AB2D71E411}.Release|ARM.Build.0 = Release|ARM
		{685E862E-AA12-4D05-AD27-61AB2D71E411}.Release|Mixed Platforms.ActiveCfg = Release|x86
		{685E862E-AA12-4D05-AD27-61AB2D71E411}.Release|Mixed Platforms.Build.0 = Release|x86
		{685E862E-AA12-4D05-AD27-61AB2D71E411}.Release|x86.ActiveCfg = Release|x86
		{685E862E-AA12-4D05-AD27-61AB2D71E411}.Release|x86.Build.0 = Release|x86
		{B90F3D02-1E3A-4DD7-8E00-30F28B6DCC1E}.Debug|Any CPU.ActiveCfg = Debug|Any CPU
		{B90F3D02-1E3A-4DD7-8E00-30F28B6DCC1E}.Debug|Any CPU.Build.0 = Debug|Any CPU
		{B90F3D02-1E3A-4DD7-8E00-30F28B6DCC1E}.Debug|ARM.ActiveCfg = Debug|ARM
		{B90F3D02-1E3A-4DD7-8E00-30F28B6DCC1E}.Debug|ARM.Build.0 = Debug|ARM
		{B90F3D02-1E3A-4DD7-8E00-30F28B6DCC1E}.Debug|Mixed Platforms.ActiveCfg = Debug|x86
		{B90F3D02-1E3A-4DD7-8E00-30F28B6DCC1E}.Debug|Mixed Platforms.Build.0 = Debug|x86
		{B90F3D02-1E3A-4DD7-8E00-30F28B6DCC1E}.Debug|x86.ActiveCfg = Debug|x86
		{B90F3D02-1E3A-4DD7-8E00-30F28B6DCC1E}.Debug|x86.Build.0 = Debug|x86
		{B90F3D02-1E3A-4DD7-8E00-30F28B6DCC1E}.Release|Any CPU.ActiveCfg = Release|Any CPU
		{B90F3D02-1E3A-4DD7-8E00-30F28B6DCC1E}.Release|Any CPU.Build.0 = Release|Any CPU
		{B90F3D02-1E3A-4DD7-8E00-30F28B6DCC1E}.Release|ARM.ActiveCfg = Release|ARM
		{B90F3D02-1E3A-4DD7-8E00-30F28B6DCC1E}.Release|ARM.Build.0 = Release|ARM
		{B90F3D02-1E3A-4DD7-8E00-30F28B6DCC1E}.Release|Mixed Platforms.ActiveCfg = Release|x86
		{B90F3D02-1E3A-4DD7-8E00-30F28B6DCC1E}.Release|Mixed Platforms.Build.0 = Release|x86
		{B90F3D02-1E3A-4DD7-8E00-30F28B6DCC1E}.Release|x86.ActiveCfg = Release|x86
		{B90F3D02-1E3A-4DD7-8E00-30F28B6DCC1E}.Release|x86.Build.0 = Release|x86
	EndGlobalSection
	GlobalSection(SolutionProperties) = preSolution
		HideSolutionNode = FALSE
	EndGlobalSection
	GlobalSection(NestedProjects) = preSolution
		{60146683-34C4-464E-9169-7B76F9D5C365} = {CFDB560D-7E9D-461A-B1E2-7EC36B2B6B52}
		{464CB812-F99F-401B-BE4C-E8F0515CD19D} = {CFDB560D-7E9D-461A-B1E2-7EC36B2B6B52}
		{F9459904-F785-4255-866A-A619787CB895} = {CFDB560D-7E9D-461A-B1E2-7EC36B2B6B52}
		{685E862E-AA12-4D05-AD27-61AB2D71E411} = {CFDB560D-7E9D-461A-B1E2-7EC36B2B6B52}
		{B90F3D02-1E3A-4DD7-8E00-30F28B6DCC1E} = {CFDB560D-7E9D-461A-B1E2-7EC36B2B6B52}
		{BDBB4467-A77D-4467-AD13-6E8D25F0E1AC} = {B60976E5-1D2F-4F66-AD0B-C6330135F781}
		{A1D08278-829F-4D05-8D6E-C18CA0E327B7} = {B60976E5-1D2F-4F66-AD0B-C6330135F781}
		{0AF5E75F-E2C4-43B6-814D-FF014A333830} = {B60976E5-1D2F-4F66-AD0B-C6330135F781}
	EndGlobalSection
EndGlobal
