
Microsoft Visual Studio Solution File, Format Version 12.00
# Visual Studio 14
VisualStudioVersion = 14.0.24720.0
MinimumVisualStudioVersion = 10.0.40219.1
Project("{FAE04EC0-301F-11D3-BF4B-00C04F79EFBC}") = "Pr.Core", "Pr.Core\Pr.Core.csproj", "{1DE2F6DA-A19C-4BE7-AA07-5CC5451F0645}"
EndProject
Project("{FAE04EC0-301F-11D3-BF4B-00C04F79EFBC}") = "Pr.Droid", "Pr.Droid\Pr.Droid.csproj", "{49F1D759-C531-42F8-9F30-994BFA65D138}"
EndProject
Global
	GlobalSection(SolutionConfigurationPlatforms) = preSolution
		Debug|Any CPU = Debug|Any CPU
		Release|Any CPU = Release|Any CPU
	EndGlobalSection
	GlobalSection(ProjectConfigurationPlatforms) = postSolution
		{1DE2F6DA-A19C-4BE7-AA07-5CC5451F0645}.Debug|Any CPU.ActiveCfg = Debug|Any CPU
		{1DE2F6DA-A19C-4BE7-AA07-5CC5451F0645}.Debug|Any CPU.Build.0 = Debug|Any CPU
		{1DE2F6DA-A19C-4BE7-AA07-5CC5451F0645}.Release|Any CPU.ActiveCfg = Release|Any CPU
		{1DE2F6DA-A19C-4BE7-AA07-5CC5451F0645}.Release|Any CPU.Build.0 = Release|Any CPU
		{49F1D759-C531-42F8-9F30-994BFA65D138}.Debug|Any CPU.ActiveCfg = Debug|Any CPU
		{49F1D759-C531-42F8-9F30-994BFA65D138}.Debug|Any CPU.Build.0 = Debug|Any CPU
		{49F1D759-C531-42F8-9F30-994BFA65D138}.Debug|Any CPU.Deploy.0 = Debug|Any CPU
		{49F1D759-C531-42F8-9F30-994BFA65D138}.Release|Any CPU.ActiveCfg = Release|Any CPU
		{49F1D759-C531-42F8-9F30-994BFA65D138}.Release|Any CPU.Build.0 = Release|Any CPU
		{49F1D759-C531-42F8-9F30-994BFA65D138}.Release|Any CPU.Deploy.0 = Release|Any CPU
	EndGlobalSection
	GlobalSection(SolutionProperties) = preSolution
		HideSolutionNode = FALSE
	EndGlobalSection
EndGlobal
